
Microsoft Visual Studio Solution File, Format Version 12.00
# Visual Studio Version 16
VisualStudioVersion = 16.0.30114.105
MinimumVisualStudioVersion = 10.0.40219.1
Project("{FAE04EC0-301F-11D3-BF4B-00C04F79EFBC}") = "LibraryManagement", "LibraryManagement\LibraryManagement.csproj", "{A7D21C56-5F4F-4D6C-A176-2491CC012085}"
EndProject
Project("{FAE04EC0-301F-11D3-BF4B-00C04F79EFBC}") = "LibraryManageUnitTest", "LibraryManageUnitTest\LibraryManageUnitTest.csproj", "{DED01838-B2D5-451A-B104-7510CAED73D6}"
EndProject
Global
	GlobalSection(SolutionConfigurationPlatforms) = preSolution
		Debug|Any CPU = Debug|Any CPU
		Release|Any CPU = Release|Any CPU
	EndGlobalSection
	GlobalSection(ProjectConfigurationPlatforms) = postSolution
		{A7D21C56-5F4F-4D6C-A176-2491CC012085}.Debug|Any CPU.ActiveCfg = Debug|Any CPU
		{A7D21C56-5F4F-4D6C-A176-2491CC012085}.Debug|Any CPU.Build.0 = Debug|Any CPU
		{A7D21C56-5F4F-4D6C-A176-2491CC012085}.Release|Any CPU.ActiveCfg = Release|Any CPU
		{A7D21C56-5F4F-4D6C-A176-2491CC012085}.Release|Any CPU.Build.0 = Release|Any CPU
		{DED01838-B2D5-451A-B104-7510CAED73D6}.Debug|Any CPU.ActiveCfg = Debug|Any CPU
		{DED01838-B2D5-451A-B104-7510CAED73D6}.Debug|Any CPU.Build.0 = Debug|Any CPU
		{DED01838-B2D5-451A-B104-7510CAED73D6}.Release|Any CPU.ActiveCfg = Release|Any CPU
		{DED01838-B2D5-451A-B104-7510CAED73D6}.Release|Any CPU.Build.0 = Release|Any CPU
	EndGlobalSection
	GlobalSection(SolutionProperties) = preSolution
		HideSolutionNode = FALSE
	EndGlobalSection
	GlobalSection(ExtensibilityGlobals) = postSolution
		SolutionGuid = {650A1E04-A897-4AA4-8274-DB826A870FDF}
	EndGlobalSection
EndGlobal
